
Microsoft Visual Studio Solution File, Format Version 12.00
# Visual Studio Version 16
VisualStudioVersion = 16.0.29613.14
MinimumVisualStudioVersion = 10.0.40219.1
Project("{FAE04EC0-301F-11D3-BF4B-00C04F79EFBC}") = "CVTemplate", "CVTemplate\CVTemplate.csproj", "{5750058D-8ABB-4B3E-BACF-EA4BDA067FA7}"
EndProject
Global
	GlobalSection(SolutionConfigurationPlatforms) = preSolution
		Debug|Any CPU = Debug|Any CPU
		Release|Any CPU = Release|Any CPU
	EndGlobalSection
	GlobalSection(ProjectConfigurationPlatforms) = postSolution
		{5750058D-8ABB-4B3E-BACF-EA4BDA067FA7}.Debug|Any CPU.ActiveCfg = Debug|Any CPU
		{5750058D-8ABB-4B3E-BACF-EA4BDA067FA7}.Debug|Any CPU.Build.0 = Debug|Any CPU
		{5750058D-8ABB-4B3E-BACF-EA4BDA067FA7}.Release|Any CPU.ActiveCfg = Release|Any CPU
		{5750058D-8ABB-4B3E-BACF-EA4BDA067FA7}.Release|Any CPU.Build.0 = Release|Any CPU
	EndGlobalSection
	GlobalSection(SolutionProperties) = preSolution
		HideSolutionNode = FALSE
	EndGlobalSection
	GlobalSection(ExtensibilityGlobals) = postSolution
		SolutionGuid = {8AC9238C-67A0-4F9E-B972-8A2E07FED38B}
	EndGlobalSection
EndGlobal
